
Microsoft Visual Studio Solution File, Format Version 12.00
# Visual Studio Version 17
VisualStudioVersion = 17.13.35806.99 d17.13
MinimumVisualStudioVersion = 10.0.40219.1
Project("{FAE04EC0-301F-11D3-BF4B-00C04F79EFBC}") = "TestAPI", "TestAPI.csproj", "{119AC1C5-4D68-4280-A5C6-6C9A062AD03C}"
EndProject
Global
	GlobalSection(SolutionConfigurationPlatforms) = preSolution
		Debug|Any CPU = Debug|Any CPU
		Release|Any CPU = Release|Any CPU
	EndGlobalSection
	GlobalSection(ProjectConfigurationPlatforms) = postSolution
		{119AC1C5-4D68-4280-A5C6-6C9A062AD03C}.Debug|Any CPU.ActiveCfg = Debug|Any CPU
		{119AC1C5-4D68-4280-A5C6-6C9A062AD03C}.Debug|Any CPU.Build.0 = Debug|Any CPU
		{119AC1C5-4D68-4280-A5C6-6C9A062AD03C}.Release|Any CPU.ActiveCfg = Release|Any CPU
		{119AC1C5-4D68-4280-A5C6-6C9A062AD03C}.Release|Any CPU.Build.0 = Release|Any CPU
	EndGlobalSection
	GlobalSection(SolutionProperties) = preSolution
		HideSolutionNode = FALSE
	EndGlobalSection
	GlobalSection(ExtensibilityGlobals) = postSolution
		SolutionGuid = {B1953D58-00D0-48AB-B24E-345BE169F630}
	EndGlobalSection
EndGlobal
